
Microsoft Visual Studio Solution File, Format Version 12.00
# Visual Studio Version 16
VisualStudioVersion = 16.0.28803.202
MinimumVisualStudioVersion = 10.0.40219.1
Project("{FAE04EC0-301F-11D3-BF4B-00C04F79EFBC}") = "TestDataFilter", "TestDataFilter.csproj", "{A5222D2D-3C28-4CFD-B191-2A4509CACB7D}"
EndProject
Project("{FAE04EC0-301F-11D3-BF4B-00C04F79EFBC}") = "DataFilter", "..\DataFilter.csproj", "{253DFDE5-85C5-463D-AABB-49DCAD93EAB1}"
EndProject
Global
	GlobalSection(SolutionConfigurationPlatforms) = preSolution
		Debug|Any CPU = Debug|Any CPU
		Release|Any CPU = Release|Any CPU
	EndGlobalSection
	GlobalSection(ProjectConfigurationPlatforms) = postSolution
		{A5222D2D-3C28-4CFD-B191-2A4509CACB7D}.Debug|Any CPU.ActiveCfg = Debug|Any CPU
		{A5222D2D-3C28-4CFD-B191-2A4509CACB7D}.Debug|Any CPU.Build.0 = Debug|Any CPU
		{A5222D2D-3C28-4CFD-B191-2A4509CACB7D}.Release|Any CPU.ActiveCfg = Release|Any CPU
		{A5222D2D-3C28-4CFD-B191-2A4509CACB7D}.Release|Any CPU.Build.0 = Release|Any CPU
		{253DFDE5-85C5-463D-AABB-49DCAD93EAB1}.Debug|Any CPU.ActiveCfg = Debug|Any CPU
		{253DFDE5-85C5-463D-AABB-49DCAD93EAB1}.Debug|Any CPU.Build.0 = Debug|Any CPU
		{253DFDE5-85C5-463D-AABB-49DCAD93EAB1}.Release|Any CPU.ActiveCfg = Release|Any CPU
		{253DFDE5-85C5-463D-AABB-49DCAD93EAB1}.Release|Any CPU.Build.0 = Release|Any CPU
	EndGlobalSection
	GlobalSection(SolutionProperties) = preSolution
		HideSolutionNode = FALSE
	EndGlobalSection
	GlobalSection(ExtensibilityGlobals) = postSolution
		SolutionGuid = {1FEEAAC5-9F98-4EF8-87C2-1DC356D0C4D2}
	EndGlobalSection
EndGlobal
